
Microsoft Visual Studio Solution File, Format Version 12.00
# Visual Studio Version 16
VisualStudioVersion = 16.0.31321.278
MinimumVisualStudioVersion = 10.0.40219.1
Project("{FAE04EC0-301F-11D3-BF4B-00C04F79EFBC}") = "GeneralStoreAPI", "GeneralStoreAPI\GeneralStoreAPI.csproj", "{EC635382-AA33-4233-8CA1-989A96D74230}"
EndProject
Global
	GlobalSection(SolutionConfigurationPlatforms) = preSolution
		Debug|Any CPU = Debug|Any CPU
		Release|Any CPU = Release|Any CPU
	EndGlobalSection
	GlobalSection(ProjectConfigurationPlatforms) = postSolution
		{EC635382-AA33-4233-8CA1-989A96D74230}.Debug|Any CPU.ActiveCfg = Debug|Any CPU
		{EC635382-AA33-4233-8CA1-989A96D74230}.Debug|Any CPU.Build.0 = Debug|Any CPU
		{EC635382-AA33-4233-8CA1-989A96D74230}.Release|Any CPU.ActiveCfg = Release|Any CPU
		{EC635382-AA33-4233-8CA1-989A96D74230}.Release|Any CPU.Build.0 = Release|Any CPU
	EndGlobalSection
	GlobalSection(SolutionProperties) = preSolution
		HideSolutionNode = FALSE
	EndGlobalSection
	GlobalSection(ExtensibilityGlobals) = postSolution
		SolutionGuid = {423F24BF-8332-4BA9-9D2B-5881FCDF9D4B}
	EndGlobalSection
EndGlobal
